// !$*UTF8*$!
{
	archiveVersion = 1;
	classes = {
	};
	objectVersion = 46;
	objects = {

/* Begin PBXBuildFile section */
		A24A61A9D4A4BE040C4A7E0A /* libPods-CBCollectionViewTests.a in Frameworks */ = {isa = PBXBuildFile; fileRef = 1966F9F26D5254A44A775B4B /* libPods-CBCollectionViewTests.a */; };
		DE316FAD1CC72ABC00F763E6 /* CBClipView.swift in Sources */ = {isa = PBXBuildFile; fileRef = DE9072171CAC807900AD0E37 /* CBClipView.swift */; };
		DE82E9571D78B6E700346B9E /* CBScrollView.swift in Sources */ = {isa = PBXBuildFile; fileRef = DE82E9561D78B6E700346B9E /* CBScrollView.swift */; };
		DE82E9591D78B78300346B9E /* CBCollectionViewLayoutAttributes.swift in Sources */ = {isa = PBXBuildFile; fileRef = DE82E9581D78B78300346B9E /* CBCollectionViewLayoutAttributes.swift */; };
		DE82E95C1D78BF9300346B9E /* Protocols.swift in Sources */ = {isa = PBXBuildFile; fileRef = DE82E95B1D78BF9300346B9E /* Protocols.swift */; };
		DE82E95E1D78BFC900346B9E /* Constants.swift in Sources */ = {isa = PBXBuildFile; fileRef = DE82E95D1D78BFC900346B9E /* Constants.swift */; };
		DE9071ED1CAC7FD800AD0E37 /* CBCollectionView.h in Headers */ = {isa = PBXBuildFile; fileRef = DE9071EC1CAC7FD800AD0E37 /* CBCollectionView.h */; settings = {ATTRIBUTES = (Public, ); }; };
		DE9071F41CAC7FD800AD0E37 /* CBCollectionView.framework in Frameworks */ = {isa = PBXBuildFile; fileRef = DE9071E91CAC7FD800AD0E37 /* CBCollectionView.framework */; };
		DE9071F91CAC7FD800AD0E37 /* CBCollectionViewTests.swift in Sources */ = {isa = PBXBuildFile; fileRef = DE9071F81CAC7FD800AD0E37 /* CBCollectionViewTests.swift */; };
		DEA6BA631D52E00900B3EF24 /* CBCollectionViewController.swift in Sources */ = {isa = PBXBuildFile; fileRef = DEA6BA621D52E00900B3EF24 /* CBCollectionViewController.swift */; };
		DEE3B5831D243A9900AD34F1 /* CBCollectionViewGridLayout.swift in Sources */ = {isa = PBXBuildFile; fileRef = DE57F41E1CBC915A00F9E23C /* CBCollectionViewGridLayout.swift */; };
		DEE3B5851D246CB100AD34F1 /* CBCollectionViewListLayout.swift in Sources */ = {isa = PBXBuildFile; fileRef = DEE3B5841D246CB100AD34F1 /* CBCollectionViewListLayout.swift */; };
		DEF14B991CBDD83B00553CEF /* CBCollectionViewColumnLayout.swift in Sources */ = {isa = PBXBuildFile; fileRef = DE9072031CAC7FF000AD0E37 /* CBCollectionViewColumnLayout.swift */; };
		DEF14B9B1CBDD83B00553CEF /* CBCollectionViewHorizontalLayout.swift in Sources */ = {isa = PBXBuildFile; fileRef = DE9072041CAC7FF000AD0E37 /* CBCollectionViewHorizontalLayout.swift */; };
		DEF14B9C1CBDD83B00553CEF /* CBCollectionViewLayout.swift in Sources */ = {isa = PBXBuildFile; fileRef = DE9072051CAC7FF000AD0E37 /* CBCollectionViewLayout.swift */; };
		DEF14B9D1CBDD83B00553CEF /* CBCollectionViewHelpers.swift in Sources */ = {isa = PBXBuildFile; fileRef = DE9072061CAC7FF000AD0E37 /* CBCollectionViewHelpers.swift */; };
		DEF14B9E1CBDD83B00553CEF /* CBCollectionViewCells.swift in Sources */ = {isa = PBXBuildFile; fileRef = DE9072071CAC7FF000AD0E37 /* CBCollectionViewCells.swift */; };
		DEF14B9F1CBDD83B00553CEF /* CBCollectionViewInfo.swift in Sources */ = {isa = PBXBuildFile; fileRef = DE9072081CAC7FF000AD0E37 /* CBCollectionViewInfo.swift */; };
		DEF14BA01CBDD83B00553CEF /* CBCollectionView.swift in Sources */ = {isa = PBXBuildFile; fileRef = DE9072091CAC7FF000AD0E37 /* CBCollectionView.swift */; };
		DEF14BA11CBDD83B00553CEF /* CBCollectionViewDocumentView.swift in Sources */ = {isa = PBXBuildFile; fileRef = DE90720A1CAC7FF000AD0E37 /* CBCollectionViewDocumentView.swift */; };
/* End PBXBuildFile section */

/* Begin PBXContainerItemProxy section */
		DE9071F51CAC7FD800AD0E37 /* PBXContainerItemProxy */ = {
			isa = PBXContainerItemProxy;
			containerPortal = DE9071E01CAC7FD800AD0E37 /* Project object */;
			proxyType = 1;
			remoteGlobalIDString = DE9071E81CAC7FD800AD0E37;
			remoteInfo = CBCollectionView;
		};
/* End PBXContainerItemProxy section */

/* Begin PBXFileReference section */
		1966F9F26D5254A44A775B4B /* libPods-CBCollectionViewTests.a */ = {isa = PBXFileReference; explicitFileType = archive.ar; includeInIndex = 0; path = "libPods-CBCollectionViewTests.a"; sourceTree = BUILT_PRODUCTS_DIR; };
		6F00E984FBC9F8501540F2DA /* Pods-CBCollectionView.debug.xcconfig */ = {isa = PBXFileReference; includeInIndex = 1; lastKnownFileType = text.xcconfig; name = "Pods-CBCollectionView.debug.xcconfig"; path = "Pods/Target Support Files/Pods-CBCollectionView/Pods-CBCollectionView.debug.xcconfig"; sourceTree = "<group>"; };
		80B81A642F29C54FBF932E75 /* libPods-CBCollectionView.a */ = {isa = PBXFileReference; explicitFileType = archive.ar; includeInIndex = 0; path = "libPods-CBCollectionView.a"; sourceTree = BUILT_PRODUCTS_DIR; };
		920C5124416A03151334C6B1 /* Pods-CBCollectionView.release.xcconfig */ = {isa = PBXFileReference; includeInIndex = 1; lastKnownFileType = text.xcconfig; name = "Pods-CBCollectionView.release.xcconfig"; path = "Pods/Target Support Files/Pods-CBCollectionView/Pods-CBCollectionView.release.xcconfig"; sourceTree = "<group>"; };
		D3D59CF95F26A3F10F366F97 /* Pods-CBCollectionViewTests.debug.xcconfig */ = {isa = PBXFileReference; includeInIndex = 1; lastKnownFileType = text.xcconfig; name = "Pods-CBCollectionViewTests.debug.xcconfig"; path = "Pods/Target Support Files/Pods-CBCollectionViewTests/Pods-CBCollectionViewTests.debug.xcconfig"; sourceTree = "<group>"; };
		DE57F41E1CBC915A00F9E23C /* CBCollectionViewGridLayout.swift */ = {isa = PBXFileReference; fileEncoding = 4; lastKnownFileType = sourcecode.swift; path = CBCollectionViewGridLayout.swift; sourceTree = "<group>"; };
		DE57F4291CBDB17200F9E23C /* JNWClipView.h */ = {isa = PBXFileReference; fileEncoding = 4; lastKnownFileType = sourcecode.c.h; path = JNWClipView.h; sourceTree = "<group>"; };
		DE57F42A1CBDB17200F9E23C /* JNWClipView.m */ = {isa = PBXFileReference; fileEncoding = 4; lastKnownFileType = sourcecode.c.objc; path = JNWClipView.m; sourceTree = "<group>"; };
		DE82E9561D78B6E700346B9E /* CBScrollView.swift */ = {isa = PBXFileReference; fileEncoding = 4; lastKnownFileType = sourcecode.swift; path = CBScrollView.swift; sourceTree = "<group>"; };
		DE82E9581D78B78300346B9E /* CBCollectionViewLayoutAttributes.swift */ = {isa = PBXFileReference; fileEncoding = 4; lastKnownFileType = sourcecode.swift; path = CBCollectionViewLayoutAttributes.swift; sourceTree = "<group>"; };
		DE82E95B1D78BF9300346B9E /* Protocols.swift */ = {isa = PBXFileReference; fileEncoding = 4; lastKnownFileType = sourcecode.swift; path = Protocols.swift; sourceTree = "<group>"; };
		DE82E95D1D78BFC900346B9E /* Constants.swift */ = {isa = PBXFileReference; fileEncoding = 4; lastKnownFileType = sourcecode.swift; path = Constants.swift; sourceTree = "<group>"; };
		DE9071E91CAC7FD800AD0E37 /* CBCollectionView.framework */ = {isa = PBXFileReference; explicitFileType = wrapper.framework; includeInIndex = 0; path = CBCollectionView.framework; sourceTree = BUILT_PRODUCTS_DIR; };
		DE9071EC1CAC7FD800AD0E37 /* CBCollectionView.h */ = {isa = PBXFileReference; lastKnownFileType = sourcecode.c.h; path = CBCollectionView.h; sourceTree = "<group>"; };
		DE9071EE1CAC7FD800AD0E37 /* Info.plist */ = {isa = PBXFileReference; lastKnownFileType = text.plist.xml; path = Info.plist; sourceTree = "<group>"; };
		DE9071F31CAC7FD800AD0E37 /* CBCollectionViewTests.xctest */ = {isa = PBXFileReference; explicitFileType = wrapper.cfbundle; includeInIndex = 0; path = CBCollectionViewTests.xctest; sourceTree = BUILT_PRODUCTS_DIR; };
		DE9071F81CAC7FD800AD0E37 /* CBCollectionViewTests.swift */ = {isa = PBXFileReference; lastKnownFileType = sourcecode.swift; path = CBCollectionViewTests.swift; sourceTree = "<group>"; };
		DE9071FA1CAC7FD800AD0E37 /* Info.plist */ = {isa = PBXFileReference; lastKnownFileType = text.plist.xml; path = Info.plist; sourceTree = "<group>"; };
		DE9072031CAC7FF000AD0E37 /* CBCollectionViewColumnLayout.swift */ = {isa = PBXFileReference; fileEncoding = 4; lastKnownFileType = sourcecode.swift; path = CBCollectionViewColumnLayout.swift; sourceTree = "<group>"; };
		DE9072041CAC7FF000AD0E37 /* CBCollectionViewHorizontalLayout.swift */ = {isa = PBXFileReference; fileEncoding = 4; lastKnownFileType = sourcecode.swift; path = CBCollectionViewHorizontalLayout.swift; sourceTree = "<group>"; };
		DE9072051CAC7FF000AD0E37 /* CBCollectionViewLayout.swift */ = {isa = PBXFileReference; fileEncoding = 4; lastKnownFileType = sourcecode.swift; path = CBCollectionViewLayout.swift; sourceTree = "<group>"; };
		DE9072061CAC7FF000AD0E37 /* CBCollectionViewHelpers.swift */ = {isa = PBXFileReference; fileEncoding = 4; lastKnownFileType = sourcecode.swift; path = CBCollectionViewHelpers.swift; sourceTree = "<group>"; };
		DE9072071CAC7FF000AD0E37 /* CBCollectionViewCells.swift */ = {isa = PBXFileReference; fileEncoding = 4; lastKnownFileType = sourcecode.swift; path = CBCollectionViewCells.swift; sourceTree = "<group>"; };
		DE9072081CAC7FF000AD0E37 /* CBCollectionViewInfo.swift */ = {isa = PBXFileReference; fileEncoding = 4; lastKnownFileType = sourcecode.swift; path = CBCollectionViewInfo.swift; sourceTree = "<group>"; };
		DE9072091CAC7FF000AD0E37 /* CBCollectionView.swift */ = {isa = PBXFileReference; fileEncoding = 4; lastKnownFileType = sourcecode.swift; path = CBCollectionView.swift; sourceTree = "<group>"; };
		DE90720A1CAC7FF000AD0E37 /* CBCollectionViewDocumentView.swift */ = {isa = PBXFileReference; fileEncoding = 4; lastKnownFileType = sourcecode.swift; path = CBCollectionViewDocumentView.swift; sourceTree = "<group>"; };
		DE9072171CAC807900AD0E37 /* CBClipView.swift */ = {isa = PBXFileReference; fileEncoding = 4; lastKnownFileType = sourcecode.swift; path = CBClipView.swift; sourceTree = "<group>"; };
		DEA6BA621D52E00900B3EF24 /* CBCollectionViewController.swift */ = {isa = PBXFileReference; fileEncoding = 4; lastKnownFileType = sourcecode.swift; path = CBCollectionViewController.swift; sourceTree = "<group>"; };
		DEE3B5841D246CB100AD34F1 /* CBCollectionViewListLayout.swift */ = {isa = PBXFileReference; fileEncoding = 4; lastKnownFileType = sourcecode.swift; path = CBCollectionViewListLayout.swift; sourceTree = "<group>"; };
		DFB5645491B0AF5CA579AE5E /* Pods-CBCollectionViewTests.release.xcconfig */ = {isa = PBXFileReference; includeInIndex = 1; lastKnownFileType = text.xcconfig; name = "Pods-CBCollectionViewTests.release.xcconfig"; path = "Pods/Target Support Files/Pods-CBCollectionViewTests/Pods-CBCollectionViewTests.release.xcconfig"; sourceTree = "<group>"; };
/* End PBXFileReference section */

/* Begin PBXFrameworksBuildPhase section */
		DE9071E51CAC7FD800AD0E37 /* Frameworks */ = {
			isa = PBXFrameworksBuildPhase;
			buildActionMask = 2147483647;
			files = (
			);
			runOnlyForDeploymentPostprocessing = 0;
		};
		DE9071F01CAC7FD800AD0E37 /* Frameworks */ = {
			isa = PBXFrameworksBuildPhase;
			buildActionMask = 2147483647;
			files = (
				DE9071F41CAC7FD800AD0E37 /* CBCollectionView.framework in Frameworks */,
				A24A61A9D4A4BE040C4A7E0A /* libPods-CBCollectionViewTests.a in Frameworks */,
			);
			runOnlyForDeploymentPostprocessing = 0;
		};
/* End PBXFrameworksBuildPhase section */

/* Begin PBXGroup section */
		2B54715A1BAF66E7D215AF89 /* Frameworks */ = {
			isa = PBXGroup;
			children = (
				80B81A642F29C54FBF932E75 /* libPods-CBCollectionView.a */,
				1966F9F26D5254A44A775B4B /* libPods-CBCollectionViewTests.a */,
			);
			name = Frameworks;
			sourceTree = "<group>";
		};
		D5362258CB5B0860171CF4CF /* Pods */ = {
			isa = PBXGroup;
			children = (
				6F00E984FBC9F8501540F2DA /* Pods-CBCollectionView.debug.xcconfig */,
				920C5124416A03151334C6B1 /* Pods-CBCollectionView.release.xcconfig */,
				D3D59CF95F26A3F10F366F97 /* Pods-CBCollectionViewTests.debug.xcconfig */,
				DFB5645491B0AF5CA579AE5E /* Pods-CBCollectionViewTests.release.xcconfig */,
			);
			name = Pods;
			sourceTree = "<group>";
		};
		DE82E95A1D78BF6900346B9E /* Layouts */ = {
			isa = PBXGroup;
			children = (
				DE9072051CAC7FF000AD0E37 /* CBCollectionViewLayout.swift */,
				DE9072031CAC7FF000AD0E37 /* CBCollectionViewColumnLayout.swift */,
				DE57F41E1CBC915A00F9E23C /* CBCollectionViewGridLayout.swift */,
				DEE3B5841D246CB100AD34F1 /* CBCollectionViewListLayout.swift */,
				DE9072041CAC7FF000AD0E37 /* CBCollectionViewHorizontalLayout.swift */,
			);
			name = Layouts;
			sourceTree = "<group>";
		};
		DE9071DF1CAC7FD800AD0E37 = {
			isa = PBXGroup;
			children = (
				DE9071EB1CAC7FD800AD0E37 /* CBCollectionView */,
				DE9071F71CAC7FD800AD0E37 /* CBCollectionViewTests */,
				DE9071EA1CAC7FD800AD0E37 /* Products */,
				D5362258CB5B0860171CF4CF /* Pods */,
				2B54715A1BAF66E7D215AF89 /* Frameworks */,
			);
			sourceTree = "<group>";
		};
		DE9071EA1CAC7FD800AD0E37 /* Products */ = {
			isa = PBXGroup;
			children = (
				DE9071E91CAC7FD800AD0E37 /* CBCollectionView.framework */,
				DE9071F31CAC7FD800AD0E37 /* CBCollectionViewTests.xctest */,
			);
			name = Products;
			sourceTree = "<group>";
		};
		DE9071EB1CAC7FD800AD0E37 /* CBCollectionView */ = {
			isa = PBXGroup;
			children = (
				DE9071EC1CAC7FD800AD0E37 /* CBCollectionView.h */,
				DE82E95B1D78BF9300346B9E /* Protocols.swift */,
				DE9072091CAC7FF000AD0E37 /* CBCollectionView.swift */,
				DE90720A1CAC7FF000AD0E37 /* CBCollectionViewDocumentView.swift */,
				DE9072071CAC7FF000AD0E37 /* CBCollectionViewCells.swift */,
				DE82E9581D78B78300346B9E /* CBCollectionViewLayoutAttributes.swift */,
				DEA6BA621D52E00900B3EF24 /* CBCollectionViewController.swift */,
				DE82E9561D78B6E700346B9E /* CBScrollView.swift */,
				DE9072171CAC807900AD0E37 /* CBClipView.swift */,
				DE9072061CAC7FF000AD0E37 /* CBCollectionViewHelpers.swift */,
				DE82E95D1D78BFC900346B9E /* Constants.swift */,
				DE9072081CAC7FF000AD0E37 /* CBCollectionViewInfo.swift */,
				DE82E95A1D78BF6900346B9E /* Layouts */,
				DE57F4291CBDB17200F9E23C /* JNWClipView.h */,
				DE57F42A1CBDB17200F9E23C /* JNWClipView.m */,
				DE9071EE1CAC7FD800AD0E37 /* Info.plist */,
			);
			path = CBCollectionView;
			sourceTree = "<group>";
		};
		DE9071F71CAC7FD800AD0E37 /* CBCollectionViewTests */ = {
			isa = PBXGroup;
			children = (
				DE9071F81CAC7FD800AD0E37 /* CBCollectionViewTests.swift */,
				DE9071FA1CAC7FD800AD0E37 /* Info.plist */,
			);
			path = CBCollectionViewTests;
			sourceTree = "<group>";
		};
/* End PBXGroup section */

/* Begin PBXHeadersBuildPhase section */
		DE9071E61CAC7FD800AD0E37 /* Headers */ = {
			isa = PBXHeadersBuildPhase;
			buildActionMask = 2147483647;
			files = (
				DE9071ED1CAC7FD800AD0E37 /* CBCollectionView.h in Headers */,
			);
			runOnlyForDeploymentPostprocessing = 0;
		};
/* End PBXHeadersBuildPhase section */

/* Begin PBXNativeTarget section */
		DE9071E81CAC7FD800AD0E37 /* CBCollectionView */ = {
			isa = PBXNativeTarget;
			buildConfigurationList = DE9071FD1CAC7FD800AD0E37 /* Build configuration list for PBXNativeTarget "CBCollectionView" */;
			buildPhases = (
				DE9071E41CAC7FD800AD0E37 /* Sources */,
				DE9071E51CAC7FD800AD0E37 /* Frameworks */,
				DE9071E61CAC7FD800AD0E37 /* Headers */,
				DE9071E71CAC7FD800AD0E37 /* Resources */,
			);
			buildRules = (
			);
			dependencies = (
			);
			name = CBCollectionView;
			productName = CBCollectionView;
			productReference = DE9071E91CAC7FD800AD0E37 /* CBCollectionView.framework */;
			productType = "com.apple.product-type.framework";
		};
		DE9071F21CAC7FD800AD0E37 /* CBCollectionViewTests */ = {
			isa = PBXNativeTarget;
			buildConfigurationList = DE9072001CAC7FD800AD0E37 /* Build configuration list for PBXNativeTarget "CBCollectionViewTests" */;
			buildPhases = (
				0BB613CE4767F5E9A83D47DE /* Check Pods Manifest.lock */,
				DE9071EF1CAC7FD800AD0E37 /* Sources */,
				DE9071F01CAC7FD800AD0E37 /* Frameworks */,
				DE9071F11CAC7FD800AD0E37 /* Resources */,
				F219A58AA890BCB8A9C6B80D /* Embed Pods Frameworks */,
				3717E451733FC5366F7F7D72 /* Copy Pods Resources */,
			);
			buildRules = (
			);
			dependencies = (
				DE9071F61CAC7FD800AD0E37 /* PBXTargetDependency */,
			);
			name = CBCollectionViewTests;
			productName = CBCollectionViewTests;
			productReference = DE9071F31CAC7FD800AD0E37 /* CBCollectionViewTests.xctest */;
			productType = "com.apple.product-type.bundle.unit-test";
		};
/* End PBXNativeTarget section */

/* Begin PBXProject section */
		DE9071E01CAC7FD800AD0E37 /* Project object */ = {
			isa = PBXProject;
			attributes = {
				LastSwiftUpdateCheck = 0730;
				LastUpgradeCheck = 0720;
				ORGANIZATIONNAME = "Noun Project";
				TargetAttributes = {
					DE9071E81CAC7FD800AD0E37 = {
						CreatedOnToolsVersion = 7.2.1;
					};
					DE9071F21CAC7FD800AD0E37 = {
						CreatedOnToolsVersion = 7.2.1;
					};
				};
			};
			buildConfigurationList = DE9071E31CAC7FD800AD0E37 /* Build configuration list for PBXProject "CBCollectionView" */;
			compatibilityVersion = "Xcode 3.2";
			developmentRegion = English;
			hasScannedForEncodings = 0;
			knownRegions = (
				en,
			);
			mainGroup = DE9071DF1CAC7FD800AD0E37;
			productRefGroup = DE9071EA1CAC7FD800AD0E37 /* Products */;
			projectDirPath = "";
			projectRoot = "";
			targets = (
				DE9071E81CAC7FD800AD0E37 /* CBCollectionView */,
				DE9071F21CAC7FD800AD0E37 /* CBCollectionViewTests */,
			);
		};
/* End PBXProject section */

/* Begin PBXResourcesBuildPhase section */
		DE9071E71CAC7FD800AD0E37 /* Resources */ = {
			isa = PBXResourcesBuildPhase;
			buildActionMask = 2147483647;
			files = (
			);
			runOnlyForDeploymentPostprocessing = 0;
		};
		DE9071F11CAC7FD800AD0E37 /* Resources */ = {
			isa = PBXResourcesBuildPhase;
			buildActionMask = 2147483647;
			files = (
			);
			runOnlyForDeploymentPostprocessing = 0;
		};
/* End PBXResourcesBuildPhase section */

/* Begin PBXShellScriptBuildPhase section */
		0BB613CE4767F5E9A83D47DE /* Check Pods Manifest.lock */ = {
			isa = PBXShellScriptBuildPhase;
			buildActionMask = 2147483647;
			files = (
			);
			inputPaths = (
			);
			name = "Check Pods Manifest.lock";
			outputPaths = (
			);
			runOnlyForDeploymentPostprocessing = 0;
			shellPath = /bin/sh;
			shellScript = "diff \"${PODS_ROOT}/../Podfile.lock\" \"${PODS_ROOT}/Manifest.lock\" > /dev/null\nif [[ $? != 0 ]] ; then\n    cat << EOM\nerror: The sandbox is not in sync with the Podfile.lock. Run 'pod install' or update your CocoaPods installation.\nEOM\n    exit 1\nfi\n";
			showEnvVarsInLog = 0;
		};
		3717E451733FC5366F7F7D72 /* Copy Pods Resources */ = {
			isa = PBXShellScriptBuildPhase;
			buildActionMask = 2147483647;
			files = (
			);
			inputPaths = (
			);
			name = "Copy Pods Resources";
			outputPaths = (
			);
			runOnlyForDeploymentPostprocessing = 0;
			shellPath = /bin/sh;
			shellScript = "\"${SRCROOT}/Pods/Target Support Files/Pods-CBCollectionViewTests/Pods-CBCollectionViewTests-resources.sh\"\n";
			showEnvVarsInLog = 0;
		};
		F219A58AA890BCB8A9C6B80D /* Embed Pods Frameworks */ = {
			isa = PBXShellScriptBuildPhase;
			buildActionMask = 2147483647;
			files = (
			);
			inputPaths = (
			);
			name = "Embed Pods Frameworks";
			outputPaths = (
			);
			runOnlyForDeploymentPostprocessing = 0;
			shellPath = /bin/sh;
			shellScript = "\"${SRCROOT}/Pods/Target Support Files/Pods-CBCollectionViewTests/Pods-CBCollectionViewTests-frameworks.sh\"\n";
			showEnvVarsInLog = 0;
		};
/* End PBXShellScriptBuildPhase section */

/* Begin PBXSourcesBuildPhase section */
		DE9071E41CAC7FD800AD0E37 /* Sources */ = {
			isa = PBXSourcesBuildPhase;
			buildActionMask = 2147483647;
			files = (
				DE82E95C1D78BF9300346B9E /* Protocols.swift in Sources */,
				DEE3B5831D243A9900AD34F1 /* CBCollectionViewGridLayout.swift in Sources */,
				DEE3B5851D246CB100AD34F1 /* CBCollectionViewListLayout.swift in Sources */,
				DEF14B9E1CBDD83B00553CEF /* CBCollectionViewCells.swift in Sources */,
				DEF14B9B1CBDD83B00553CEF /* CBCollectionViewHorizontalLayout.swift in Sources */,
				DEF14B9C1CBDD83B00553CEF /* CBCollectionViewLayout.swift in Sources */,
				DE316FAD1CC72ABC00F763E6 /* CBClipView.swift in Sources */,
				DE82E95E1D78BFC900346B9E /* Constants.swift in Sources */,
				DEA6BA631D52E00900B3EF24 /* CBCollectionViewController.swift in Sources */,
				DEF14B9D1CBDD83B00553CEF /* CBCollectionViewHelpers.swift in Sources */,
				DEF14BA01CBDD83B00553CEF /* CBCollectionView.swift in Sources */,
				DE82E9571D78B6E700346B9E /* CBScrollView.swift in Sources */,
				DEF14B9F1CBDD83B00553CEF /* CBCollectionViewInfo.swift in Sources */,
				DEF14B991CBDD83B00553CEF /* CBCollectionViewColumnLayout.swift in Sources */,
				DE82E9591D78B78300346B9E /* CBCollectionViewLayoutAttributes.swift in Sources */,
				DEF14BA11CBDD83B00553CEF /* CBCollectionViewDocumentView.swift in Sources */,
			);
			runOnlyForDeploymentPostprocessing = 0;
		};
		DE9071EF1CAC7FD800AD0E37 /* Sources */ = {
			isa = PBXSourcesBuildPhase;
			buildActionMask = 2147483647;
			files = (
				DE9071F91CAC7FD800AD0E37 /* CBCollectionViewTests.swift in Sources */,
			);
			runOnlyForDeploymentPostprocessing = 0;
		};
/* End PBXSourcesBuildPhase section */

/* Begin PBXTargetDependency section */
		DE9071F61CAC7FD800AD0E37 /* PBXTargetDependency */ = {
			isa = PBXTargetDependency;
			target = DE9071E81CAC7FD800AD0E37 /* CBCollectionView */;
			targetProxy = DE9071F51CAC7FD800AD0E37 /* PBXContainerItemProxy */;
		};
/* End PBXTargetDependency section */

/* Begin XCBuildConfiguration section */
		DE9071FB1CAC7FD800AD0E37 /* Debug */ = {
			isa = XCBuildConfiguration;
			buildSettings = {
				ALWAYS_SEARCH_USER_PATHS = NO;
				CLANG_CXX_LANGUAGE_STANDARD = "gnu++0x";
				CLANG_CXX_LIBRARY = "libc++";
				CLANG_ENABLE_MODULES = YES;
				CLANG_ENABLE_OBJC_ARC = YES;
				CLANG_WARN_BOOL_CONVERSION = YES;
				CLANG_WARN_CONSTANT_CONVERSION = YES;
				CLANG_WARN_DIRECT_OBJC_ISA_USAGE = YES_ERROR;
				CLANG_WARN_EMPTY_BODY = YES;
				CLANG_WARN_ENUM_CONVERSION = YES;
				CLANG_WARN_INT_CONVERSION = YES;
				CLANG_WARN_OBJC_ROOT_CLASS = YES_ERROR;
				CLANG_WARN_UNREACHABLE_CODE = YES;
				CLANG_WARN__DUPLICATE_METHOD_MATCH = YES;
				CODE_SIGN_IDENTITY = "-";
				COPY_PHASE_STRIP = NO;
				CURRENT_PROJECT_VERSION = 1;
				DEBUG_INFORMATION_FORMAT = dwarf;
				ENABLE_STRICT_OBJC_MSGSEND = YES;
				ENABLE_TESTABILITY = YES;
				GCC_C_LANGUAGE_STANDARD = gnu99;
				GCC_DYNAMIC_NO_PIC = NO;
				GCC_NO_COMMON_BLOCKS = YES;
				GCC_OPTIMIZATION_LEVEL = 0;
				GCC_PREPROCESSOR_DEFINITIONS = (
					"DEBUG=1",
					"$(inherited)",
				);
				GCC_WARN_64_TO_32_BIT_CONVERSION = YES;
				GCC_WARN_ABOUT_RETURN_TYPE = YES_ERROR;
				GCC_WARN_UNDECLARED_SELECTOR = YES;
				GCC_WARN_UNINITIALIZED_AUTOS = YES_AGGRESSIVE;
				GCC_WARN_UNUSED_FUNCTION = YES;
				GCC_WARN_UNUSED_VARIABLE = YES;
				MACOSX_DEPLOYMENT_TARGET = 10.11;
				MTL_ENABLE_DEBUG_INFO = YES;
				ONLY_ACTIVE_ARCH = YES;
				SDKROOT = macosx;
				SWIFT_OPTIMIZATION_LEVEL = "-Onone";
				VERSIONING_SYSTEM = "apple-generic";
				VERSION_INFO_PREFIX = "";
			};
			name = Debug;
		};
		DE9071FC1CAC7FD800AD0E37 /* Release */ = {
			isa = XCBuildConfiguration;
			buildSettings = {
				ALWAYS_SEARCH_USER_PATHS = NO;
				CLANG_CXX_LANGUAGE_STANDARD = "gnu++0x";
				CLANG_CXX_LIBRARY = "libc++";
				CLANG_ENABLE_MODULES = YES;
				CLANG_ENABLE_OBJC_ARC = YES;
				CLANG_WARN_BOOL_CONVERSION = YES;
				CLANG_WARN_CONSTANT_CONVERSION = YES;
				CLANG_WARN_DIRECT_OBJC_ISA_USAGE = YES_ERROR;
				CLANG_WARN_EMPTY_BODY = YES;
				CLANG_WARN_ENUM_CONVERSION = YES;
				CLANG_WARN_INT_CONVERSION = YES;
				CLANG_WARN_OBJC_ROOT_CLASS = YES_ERROR;
				CLANG_WARN_UNREACHABLE_CODE = YES;
				CLANG_WARN__DUPLICATE_METHOD_MATCH = YES;
				CODE_SIGN_IDENTITY = "-";
				COPY_PHASE_STRIP = NO;
				CURRENT_PROJECT_VERSION = 1;
				DEBUG_INFORMATION_FORMAT = "dwarf-with-dsym";
				ENABLE_NS_ASSERTIONS = NO;
				ENABLE_STRICT_OBJC_MSGSEND = YES;
				GCC_C_LANGUAGE_STANDARD = gnu99;
				GCC_NO_COMMON_BLOCKS = YES;
				GCC_WARN_64_TO_32_BIT_CONVERSION = YES;
				GCC_WARN_ABOUT_RETURN_TYPE = YES_ERROR;
				GCC_WARN_UNDECLARED_SELECTOR = YES;
				GCC_WARN_UNINITIALIZED_AUTOS = YES_AGGRESSIVE;
				GCC_WARN_UNUSED_FUNCTION = YES;
				GCC_WARN_UNUSED_VARIABLE = YES;
				MACOSX_DEPLOYMENT_TARGET = 10.11;
				MTL_ENABLE_DEBUG_INFO = NO;
				SDKROOT = macosx;
				VERSIONING_SYSTEM = "apple-generic";
				VERSION_INFO_PREFIX = "";
			};
			name = Release;
		};
		DE9071FE1CAC7FD800AD0E37 /* Debug */ = {
			isa = XCBuildConfiguration;
			baseConfigurationReference = 6F00E984FBC9F8501540F2DA /* Pods-CBCollectionView.debug.xcconfig */;
			buildSettings = {
				CLANG_ALLOW_NON_MODULAR_INCLUDES_IN_FRAMEWORK_MODULES = YES;
				CLANG_ENABLE_MODULES = YES;
				COMBINE_HIDPI_IMAGES = YES;
				DEFINES_MODULE = YES;
				DYLIB_COMPATIBILITY_VERSION = 1;
				DYLIB_CURRENT_VERSION = 1;
				DYLIB_INSTALL_NAME_BASE = "@rpath";
				FRAMEWORK_VERSION = A;
				INFOPLIST_FILE = CBCollectionView/Info.plist;
				INSTALL_PATH = "$(LOCAL_LIBRARY_DIR)/Frameworks";
				LD_RUNPATH_SEARCH_PATHS = "$(inherited) @executable_path/../Frameworks @loader_path/Frameworks";
				MACOSX_DEPLOYMENT_TARGET = 10.10;
				PRODUCT_BUNDLE_IDENTIFIER = thenounproject.CBCollectionView;
				PRODUCT_NAME = "$(TARGET_NAME)";
				SKIP_INSTALL = YES;
				SWIFT_OPTIMIZATION_LEVEL = "-Onone";
				SWIFT_VERSION = 2.3;
			};
			name = Debug;
		};
		DE9071FF1CAC7FD800AD0E37 /* Release */ = {
			isa = XCBuildConfiguration;
			baseConfigurationReference = 920C5124416A03151334C6B1 /* Pods-CBCollectionView.release.xcconfig */;
			buildSettings = {
				CLANG_ALLOW_NON_MODULAR_INCLUDES_IN_FRAMEWORK_MODULES = YES;
				CLANG_ENABLE_MODULES = YES;
				COMBINE_HIDPI_IMAGES = YES;
				DEFINES_MODULE = YES;
				DYLIB_COMPATIBILITY_VERSION = 1;
				DYLIB_CURRENT_VERSION = 1;
				DYLIB_INSTALL_NAME_BASE = "@rpath";
				FRAMEWORK_VERSION = A;
				INFOPLIST_FILE = CBCollectionView/Info.plist;
				INSTALL_PATH = "$(LOCAL_LIBRARY_DIR)/Frameworks";
				LD_RUNPATH_SEARCH_PATHS = "$(inherited) @executable_path/../Frameworks @loader_path/Frameworks";
				MACOSX_DEPLOYMENT_TARGET = 10.10;
				PRODUCT_BUNDLE_IDENTIFIER = thenounproject.CBCollectionView;
				PRODUCT_NAME = "$(TARGET_NAME)";
				SKIP_INSTALL = YES;
				SWIFT_OPTIMIZATION_LEVEL = "-Owholemodule";
				SWIFT_VERSION = 2.3;
			};
			name = Release;
		};
		DE9072011CAC7FD800AD0E37 /* Debug */ = {
			isa = XCBuildConfiguration;
			baseConfigurationReference = D3D59CF95F26A3F10F366F97 /* Pods-CBCollectionViewTests.debug.xcconfig */;
			buildSettings = {
				COMBINE_HIDPI_IMAGES = YES;
				INFOPLIST_FILE = CBCollectionViewTests/Info.plist;
				LD_RUNPATH_SEARCH_PATHS = "$(inherited) @executable_path/../Frameworks @loader_path/../Frameworks";
				PRODUCT_BUNDLE_IDENTIFIER = thenounproject.CBCollectionViewTests;
				PRODUCT_NAME = "$(TARGET_NAME)";
			};
			name = Debug;
		};
		DE9072021CAC7FD800AD0E37 /* Release */ = {
			isa = XCBuildConfiguration;
			baseConfigurationReference = DFB5645491B0AF5CA579AE5E /* Pods-CBCollectionViewTests.release.xcconfig */;
			buildSettings = {
				COMBINE_HIDPI_IMAGES = YES;
				INFOPLIST_FILE = CBCollectionViewTests/Info.plist;
				LD_RUNPATH_SEARCH_PATHS = "$(inherited) @executable_path/../Frameworks @loader_path/../Frameworks";
				PRODUCT_BUNDLE_IDENTIFIER = thenounproject.CBCollectionViewTests;
				PRODUCT_NAME = "$(TARGET_NAME)";
			};
			name = Release;
		};
/* End XCBuildConfiguration section */

/* Begin XCConfigurationList section */
		DE9071E31CAC7FD800AD0E37 /* Build configuration list for PBXProject "CBCollectionView" */ = {
			isa = XCConfigurationList;
			buildConfigurations = (
				DE9071FB1CAC7FD800AD0E37 /* Debug */,
				DE9071FC1CAC7FD800AD0E37 /* Release */,
			);
			defaultConfigurationIsVisible = 0;
			defaultConfigurationName = Release;
		};
		DE9071FD1CAC7FD800AD0E37 /* Build configuration list for PBXNativeTarget "CBCollectionView" */ = {
			isa = XCConfigurationList;
			buildConfigurations = (
				DE9071FE1CAC7FD800AD0E37 /* Debug */,
				DE9071FF1CAC7FD800AD0E37 /* Release */,
			);
			defaultConfigurationIsVisible = 0;
			defaultConfigurationName = Release;
		};
		DE9072001CAC7FD800AD0E37 /* Build configuration list for PBXNativeTarget "CBCollectionViewTests" */ = {
			isa = XCConfigurationList;
			buildConfigurations = (
				DE9072011CAC7FD800AD0E37 /* Debug */,
				DE9072021CAC7FD800AD0E37 /* Release */,
			);
			defaultConfigurationIsVisible = 0;
			defaultConfigurationName = Release;
		};
/* End XCConfigurationList section */
	};
	rootObject = DE9071E01CAC7FD800AD0E37 /* Project object */;
}
