// !$*UTF8*$!
{
	archiveVersion = 1;
	classes = {
	};
	objectVersion = 46;
	objects = {

/* Begin PBXBuildFile section */
		1C6E508C1E2DB99200C85946 /* ResultsController.xcdatamodeld in Sources */ = {isa = PBXBuildFile; fileRef = 1C6E50891E2DB99200C85946 /* ResultsController.xcdatamodeld */; };
		1C6E508D1E2DB99200C85946 /* Subclasses.swift in Sources */ = {isa = PBXBuildFile; fileRef = 1C6E508B1E2DB99200C85946 /* Subclasses.swift */; };
		1C6E50931E2DBD9E00C85946 /* BasicCells.swift in Sources */ = {isa = PBXBuildFile; fileRef = 1C6E508F1E2DBD9E00C85946 /* BasicCells.swift */; };
		1C6E50941E2DBD9E00C85946 /* CBIconButton.swift in Sources */ = {isa = PBXBuildFile; fileRef = 1C6E50901E2DBD9E00C85946 /* CBIconButton.swift */; };
		1C6E50951E2DBD9E00C85946 /* ConstraintExtensions.swift in Sources */ = {isa = PBXBuildFile; fileRef = 1C6E50911E2DBD9E00C85946 /* ConstraintExtensions.swift */; };
		1C6E50961E2DBD9E00C85946 /* ListCell.swift in Sources */ = {isa = PBXBuildFile; fileRef = 1C6E50921E2DBD9E00C85946 /* ListCell.swift */; };
		1C6E50AB1E31311300C85946 /* CollectionView.framework in Frameworks */ = {isa = PBXBuildFile; fileRef = 1C6E50AA1E31311300C85946 /* CollectionView.framework */; };
		1C6E50AC1E31311300C85946 /* CollectionView.framework in Embed Frameworks */ = {isa = PBXBuildFile; fileRef = 1C6E50AA1E31311300C85946 /* CollectionView.framework */; settings = {ATTRIBUTES = (CodeSignOnCopy, RemoveHeadersOnCopy, ); }; };
		1C9FCBA21D08B02300DDF9D7 /* AppDelegate.swift in Sources */ = {isa = PBXBuildFile; fileRef = 1C9FCBA11D08B02300DDF9D7 /* AppDelegate.swift */; };
		1C9FCBA41D08B02300DDF9D7 /* ViewController.swift in Sources */ = {isa = PBXBuildFile; fileRef = 1C9FCBA31D08B02300DDF9D7 /* ViewController.swift */; };
		1C9FCBA61D08B02300DDF9D7 /* Assets.xcassets in Resources */ = {isa = PBXBuildFile; fileRef = 1C9FCBA51D08B02300DDF9D7 /* Assets.xcassets */; };
		1C9FCBA91D08B02300DDF9D7 /* Main.storyboard in Resources */ = {isa = PBXBuildFile; fileRef = 1C9FCBA71D08B02300DDF9D7 /* Main.storyboard */; };
/* End PBXBuildFile section */

/* Begin PBXCopyFilesBuildPhase section */
		1C6E50AD1E31311300C85946 /* Embed Frameworks */ = {
			isa = PBXCopyFilesBuildPhase;
			buildActionMask = 2147483647;
			dstPath = "";
			dstSubfolderSpec = 10;
			files = (
				1C6E50AC1E31311300C85946 /* CollectionView.framework in Embed Frameworks */,
			);
			name = "Embed Frameworks";
			runOnlyForDeploymentPostprocessing = 0;
		};
/* End PBXCopyFilesBuildPhase section */

/* Begin PBXFileReference section */
		1C6E50881E2DA6C300C85946 /* MyPlayground.playground */ = {isa = PBXFileReference; lastKnownFileType = file.playground; path = MyPlayground.playground; sourceTree = "<group>"; };
		1C6E508A1E2DB99200C85946 /* ResultsController.xcdatamodel */ = {isa = PBXFileReference; lastKnownFileType = wrapper.xcdatamodel; path = ResultsController.xcdatamodel; sourceTree = "<group>"; };
		1C6E508B1E2DB99200C85946 /* Subclasses.swift */ = {isa = PBXFileReference; fileEncoding = 4; lastKnownFileType = sourcecode.swift; path = Subclasses.swift; sourceTree = "<group>"; };
		1C6E508F1E2DBD9E00C85946 /* BasicCells.swift */ = {isa = PBXFileReference; fileEncoding = 4; lastKnownFileType = sourcecode.swift; path = BasicCells.swift; sourceTree = "<group>"; };
		1C6E50901E2DBD9E00C85946 /* CBIconButton.swift */ = {isa = PBXFileReference; fileEncoding = 4; lastKnownFileType = sourcecode.swift; path = CBIconButton.swift; sourceTree = "<group>"; };
		1C6E50911E2DBD9E00C85946 /* ConstraintExtensions.swift */ = {isa = PBXFileReference; fileEncoding = 4; lastKnownFileType = sourcecode.swift; path = ConstraintExtensions.swift; sourceTree = "<group>"; };
		1C6E50921E2DBD9E00C85946 /* ListCell.swift */ = {isa = PBXFileReference; fileEncoding = 4; lastKnownFileType = sourcecode.swift; path = ListCell.swift; sourceTree = "<group>"; };
		1C6E50AA1E31311300C85946 /* CollectionView.framework */ = {isa = PBXFileReference; explicitFileType = wrapper.framework; path = CollectionView.framework; sourceTree = BUILT_PRODUCTS_DIR; };
		1C9FCB9E1D08B02300DDF9D7 /* Example.app */ = {isa = PBXFileReference; explicitFileType = wrapper.application; includeInIndex = 0; path = Example.app; sourceTree = BUILT_PRODUCTS_DIR; };
		1C9FCBA11D08B02300DDF9D7 /* AppDelegate.swift */ = {isa = PBXFileReference; lastKnownFileType = sourcecode.swift; path = AppDelegate.swift; sourceTree = "<group>"; };
		1C9FCBA31D08B02300DDF9D7 /* ViewController.swift */ = {isa = PBXFileReference; lastKnownFileType = sourcecode.swift; path = ViewController.swift; sourceTree = "<group>"; };
		1C9FCBA51D08B02300DDF9D7 /* Assets.xcassets */ = {isa = PBXFileReference; lastKnownFileType = folder.assetcatalog; path = Assets.xcassets; sourceTree = "<group>"; };
		1C9FCBA81D08B02300DDF9D7 /* Base */ = {isa = PBXFileReference; lastKnownFileType = file.storyboard; name = Base; path = Base.lproj/Main.storyboard; sourceTree = "<group>"; };
		1C9FCBAA1D08B02300DDF9D7 /* Info.plist */ = {isa = PBXFileReference; lastKnownFileType = text.plist.xml; path = Info.plist; sourceTree = "<group>"; };
/* End PBXFileReference section */

/* Begin PBXFrameworksBuildPhase section */
		1C9FCB9B1D08B02300DDF9D7 /* Frameworks */ = {
			isa = PBXFrameworksBuildPhase;
			buildActionMask = 2147483647;
			files = (
				1C6E50AB1E31311300C85946 /* CollectionView.framework in Frameworks */,
			);
			runOnlyForDeploymentPostprocessing = 0;
		};
/* End PBXFrameworksBuildPhase section */

/* Begin PBXGroup section */
		1C6E508E1E2DBD9E00C85946 /* UI */ = {
			isa = PBXGroup;
			children = (
				1C6E508F1E2DBD9E00C85946 /* BasicCells.swift */,
				1C6E50901E2DBD9E00C85946 /* CBIconButton.swift */,
				1C6E50911E2DBD9E00C85946 /* ConstraintExtensions.swift */,
				1C6E50921E2DBD9E00C85946 /* ListCell.swift */,
			);
			path = UI;
			sourceTree = "<group>";
		};
		1C9FCB951D08B02200DDF9D7 = {
			isa = PBXGroup;
			children = (
				1C6E50AA1E31311300C85946 /* CollectionView.framework */,
				1C9FCBA01D08B02300DDF9D7 /* Example */,
				1C9FCB9F1D08B02300DDF9D7 /* Products */,
			);
			sourceTree = "<group>";
		};
		1C9FCB9F1D08B02300DDF9D7 /* Products */ = {
			isa = PBXGroup;
			children = (
				1C9FCB9E1D08B02300DDF9D7 /* Example.app */,
			);
			name = Products;
			sourceTree = "<group>";
		};
		1C9FCBA01D08B02300DDF9D7 /* Example */ = {
			isa = PBXGroup;
			children = (
				1C9FCBA11D08B02300DDF9D7 /* AppDelegate.swift */,
				1C9FCBA31D08B02300DDF9D7 /* ViewController.swift */,
				1C6E508B1E2DB99200C85946 /* Subclasses.swift */,
				1C6E50891E2DB99200C85946 /* ResultsController.xcdatamodeld */,
				1C6E50881E2DA6C300C85946 /* MyPlayground.playground */,
				1C9FCBA51D08B02300DDF9D7 /* Assets.xcassets */,
				1C6E508E1E2DBD9E00C85946 /* UI */,
				1C9FCBA71D08B02300DDF9D7 /* Main.storyboard */,
				1C9FCBAA1D08B02300DDF9D7 /* Info.plist */,
			);
			path = Example;
			sourceTree = "<group>";
		};
/* End PBXGroup section */

/* Begin PBXNativeTarget section */
		1C9FCB9D1D08B02300DDF9D7 /* Example */ = {
			isa = PBXNativeTarget;
			buildConfigurationList = 1C9FCBC31D08B02300DDF9D7 /* Build configuration list for PBXNativeTarget "Example" */;
			buildPhases = (
				1C9FCB9A1D08B02300DDF9D7 /* Sources */,
				1C9FCB9B1D08B02300DDF9D7 /* Frameworks */,
				1C9FCB9C1D08B02300DDF9D7 /* Resources */,
				1C6E50AD1E31311300C85946 /* Embed Frameworks */,
			);
			buildRules = (
			);
			dependencies = (
			);
			name = Example;
			productName = CBCVExample;
			productReference = 1C9FCB9E1D08B02300DDF9D7 /* Example.app */;
			productType = "com.apple.product-type.application";
		};
/* End PBXNativeTarget section */

/* Begin PBXProject section */
		1C9FCB961D08B02200DDF9D7 /* Project object */ = {
			isa = PBXProject;
			attributes = {
				LastSwiftUpdateCheck = 0730;
				LastUpgradeCheck = 0820;
				ORGANIZATIONNAME = "Noun Project";
				TargetAttributes = {
					1C9FCB9D1D08B02300DDF9D7 = {
						CreatedOnToolsVersion = 7.3;
					};
				};
			};
			buildConfigurationList = 1C9FCB991D08B02200DDF9D7 /* Build configuration list for PBXProject "Example" */;
			compatibilityVersion = "Xcode 3.2";
			developmentRegion = English;
			hasScannedForEncodings = 0;
			knownRegions = (
				en,
				Base,
			);
			mainGroup = 1C9FCB951D08B02200DDF9D7;
			productRefGroup = 1C9FCB9F1D08B02300DDF9D7 /* Products */;
			projectDirPath = "";
			projectRoot = "";
			targets = (
				1C9FCB9D1D08B02300DDF9D7 /* Example */,
			);
		};
/* End PBXProject section */

/* Begin PBXResourcesBuildPhase section */
		1C9FCB9C1D08B02300DDF9D7 /* Resources */ = {
			isa = PBXResourcesBuildPhase;
			buildActionMask = 2147483647;
			files = (
				1C9FCBA61D08B02300DDF9D7 /* Assets.xcassets in Resources */,
				1C9FCBA91D08B02300DDF9D7 /* Main.storyboard in Resources */,
			);
			runOnlyForDeploymentPostprocessing = 0;
		};
/* End PBXResourcesBuildPhase section */

/* Begin PBXSourcesBuildPhase section */
		1C9FCB9A1D08B02300DDF9D7 /* Sources */ = {
			isa = PBXSourcesBuildPhase;
			buildActionMask = 2147483647;
			files = (
				1C6E50951E2DBD9E00C85946 /* ConstraintExtensions.swift in Sources */,
				1C9FCBA41D08B02300DDF9D7 /* ViewController.swift in Sources */,
				1C6E50931E2DBD9E00C85946 /* BasicCells.swift in Sources */,
				1C9FCBA21D08B02300DDF9D7 /* AppDelegate.swift in Sources */,
				1C6E508C1E2DB99200C85946 /* ResultsController.xcdatamodeld in Sources */,
				1C6E50961E2DBD9E00C85946 /* ListCell.swift in Sources */,
				1C6E508D1E2DB99200C85946 /* Subclasses.swift in Sources */,
				1C6E50941E2DBD9E00C85946 /* CBIconButton.swift in Sources */,
			);
			runOnlyForDeploymentPostprocessing = 0;
		};
/* End PBXSourcesBuildPhase section */

/* Begin PBXVariantGroup section */
		1C9FCBA71D08B02300DDF9D7 /* Main.storyboard */ = {
			isa = PBXVariantGroup;
			children = (
				1C9FCBA81D08B02300DDF9D7 /* Base */,
			);
			name = Main.storyboard;
			sourceTree = "<group>";
		};
/* End PBXVariantGroup section */

/* Begin XCBuildConfiguration section */
		1C9FCBC11D08B02300DDF9D7 /* Debug */ = {
			isa = XCBuildConfiguration;
			buildSettings = {
				ALWAYS_SEARCH_USER_PATHS = NO;
				CLANG_ANALYZER_NONNULL = YES;
				CLANG_CXX_LANGUAGE_STANDARD = "gnu++0x";
				CLANG_CXX_LIBRARY = "libc++";
				CLANG_ENABLE_MODULES = YES;
				CLANG_ENABLE_OBJC_ARC = YES;
				CLANG_WARN_BOOL_CONVERSION = YES;
				CLANG_WARN_CONSTANT_CONVERSION = YES;
				CLANG_WARN_DIRECT_OBJC_ISA_USAGE = YES_ERROR;
				CLANG_WARN_EMPTY_BODY = YES;
				CLANG_WARN_ENUM_CONVERSION = YES;
				CLANG_WARN_INFINITE_RECURSION = YES;
				CLANG_WARN_INT_CONVERSION = YES;
				CLANG_WARN_OBJC_ROOT_CLASS = YES_ERROR;
				CLANG_WARN_SUSPICIOUS_MOVE = YES;
				CLANG_WARN_UNREACHABLE_CODE = YES;
				CLANG_WARN__DUPLICATE_METHOD_MATCH = YES;
				CODE_SIGN_IDENTITY = "-";
				COPY_PHASE_STRIP = NO;
				DEBUG_INFORMATION_FORMAT = dwarf;
				ENABLE_STRICT_OBJC_MSGSEND = YES;
				ENABLE_TESTABILITY = YES;
				GCC_C_LANGUAGE_STANDARD = gnu99;
				GCC_DYNAMIC_NO_PIC = NO;
				GCC_NO_COMMON_BLOCKS = YES;
				GCC_OPTIMIZATION_LEVEL = 0;
				GCC_PREPROCESSOR_DEFINITIONS = (
					"DEBUG=1",
					"$(inherited)",
				);
				GCC_WARN_64_TO_32_BIT_CONVERSION = YES;
				GCC_WARN_ABOUT_RETURN_TYPE = YES_ERROR;
				GCC_WARN_UNDECLARED_SELECTOR = YES;
				GCC_WARN_UNINITIALIZED_AUTOS = YES_AGGRESSIVE;
				GCC_WARN_UNUSED_FUNCTION = YES;
				GCC_WARN_UNUSED_VARIABLE = YES;
				MACOSX_DEPLOYMENT_TARGET = 10.11;
				MTL_ENABLE_DEBUG_INFO = YES;
				ONLY_ACTIVE_ARCH = YES;
				SDKROOT = macosx;
				SWIFT_OPTIMIZATION_LEVEL = "-Onone";
			};
			name = Debug;
		};
		1C9FCBC21D08B02300DDF9D7 /* Release */ = {
			isa = XCBuildConfiguration;
			buildSettings = {
				ALWAYS_SEARCH_USER_PATHS = NO;
				CLANG_ANALYZER_NONNULL = YES;
				CLANG_CXX_LANGUAGE_STANDARD = "gnu++0x";
				CLANG_CXX_LIBRARY = "libc++";
				CLANG_ENABLE_MODULES = YES;
				CLANG_ENABLE_OBJC_ARC = YES;
				CLANG_WARN_BOOL_CONVERSION = YES;
				CLANG_WARN_CONSTANT_CONVERSION = YES;
				CLANG_WARN_DIRECT_OBJC_ISA_USAGE = YES_ERROR;
				CLANG_WARN_EMPTY_BODY = YES;
				CLANG_WARN_ENUM_CONVERSION = YES;
				CLANG_WARN_INFINITE_RECURSION = YES;
				CLANG_WARN_INT_CONVERSION = YES;
				CLANG_WARN_OBJC_ROOT_CLASS = YES_ERROR;
				CLANG_WARN_SUSPICIOUS_MOVE = YES;
				CLANG_WARN_UNREACHABLE_CODE = YES;
				CLANG_WARN__DUPLICATE_METHOD_MATCH = YES;
				CODE_SIGN_IDENTITY = "-";
				COPY_PHASE_STRIP = NO;
				DEBUG_INFORMATION_FORMAT = "dwarf-with-dsym";
				ENABLE_NS_ASSERTIONS = NO;
				ENABLE_STRICT_OBJC_MSGSEND = YES;
				GCC_C_LANGUAGE_STANDARD = gnu99;
				GCC_NO_COMMON_BLOCKS = YES;
				GCC_WARN_64_TO_32_BIT_CONVERSION = YES;
				GCC_WARN_ABOUT_RETURN_TYPE = YES_ERROR;
				GCC_WARN_UNDECLARED_SELECTOR = YES;
				GCC_WARN_UNINITIALIZED_AUTOS = YES_AGGRESSIVE;
				GCC_WARN_UNUSED_FUNCTION = YES;
				GCC_WARN_UNUSED_VARIABLE = YES;
				MACOSX_DEPLOYMENT_TARGET = 10.11;
				MTL_ENABLE_DEBUG_INFO = NO;
				SDKROOT = macosx;
				SWIFT_OPTIMIZATION_LEVEL = "-Owholemodule";
			};
			name = Release;
		};
		1C9FCBC41D08B02300DDF9D7 /* Debug */ = {
			isa = XCBuildConfiguration;
			buildSettings = {
				ASSETCATALOG_COMPILER_APPICON_NAME = AppIcon;
				COMBINE_HIDPI_IMAGES = YES;
				INFOPLIST_FILE = Example/Info.plist;
				LD_RUNPATH_SEARCH_PATHS = "$(inherited) @executable_path/../Frameworks";
				PRODUCT_BUNDLE_IDENTIFIER = com.nounproject.Example;
				PRODUCT_NAME = "$(TARGET_NAME)";
				SWIFT_VERSION = 3.0;
			};
			name = Debug;
		};
		1C9FCBC51D08B02300DDF9D7 /* Release */ = {
			isa = XCBuildConfiguration;
			buildSettings = {
				ASSETCATALOG_COMPILER_APPICON_NAME = AppIcon;
				COMBINE_HIDPI_IMAGES = YES;
				INFOPLIST_FILE = Example/Info.plist;
				LD_RUNPATH_SEARCH_PATHS = "$(inherited) @executable_path/../Frameworks";
				PRODUCT_BUNDLE_IDENTIFIER = com.nounproject.Example;
				PRODUCT_NAME = "$(TARGET_NAME)";
				SWIFT_VERSION = 3.0;
			};
			name = Release;
		};
/* End XCBuildConfiguration section */

/* Begin XCConfigurationList section */
		1C9FCB991D08B02200DDF9D7 /* Build configuration list for PBXProject "Example" */ = {
			isa = XCConfigurationList;
			buildConfigurations = (
				1C9FCBC11D08B02300DDF9D7 /* Debug */,
				1C9FCBC21D08B02300DDF9D7 /* Release */,
			);
			defaultConfigurationIsVisible = 0;
			defaultConfigurationName = Release;
		};
		1C9FCBC31D08B02300DDF9D7 /* Build configuration list for PBXNativeTarget "Example" */ = {
			isa = XCConfigurationList;
			buildConfigurations = (
				1C9FCBC41D08B02300DDF9D7 /* Debug */,
				1C9FCBC51D08B02300DDF9D7 /* Release */,
			);
			defaultConfigurationIsVisible = 0;
			defaultConfigurationName = Release;
		};
/* End XCConfigurationList section */

/* Begin XCVersionGroup section */
		1C6E50891E2DB99200C85946 /* ResultsController.xcdatamodeld */ = {
			isa = XCVersionGroup;
			children = (
				1C6E508A1E2DB99200C85946 /* ResultsController.xcdatamodel */,
			);
			currentVersion = 1C6E508A1E2DB99200C85946 /* ResultsController.xcdatamodel */;
			path = ResultsController.xcdatamodeld;
			sourceTree = "<group>";
			versionGroupType = wrapper.xcdatamodel;
		};
/* End XCVersionGroup section */
	};
	rootObject = 1C9FCB961D08B02200DDF9D7 /* Project object */;
}
